
Microsoft Visual Studio Solution File, Format Version 11.00
# Visual Studio 2010
Project("{FAE04EC0-301F-11D3-BF4B-00C04F79EFBC}") = "LeadGen", "LeadGen\LeadGen.csproj", "{343F7403-9393-4348-8C68-3C9F67C80B66}"
EndProject
Global
	GlobalSection(SolutionConfigurationPlatforms) = preSolution
		Debug|Any CPU = Debug|Any CPU
		Release|Any CPU = Release|Any CPU
	EndGlobalSection
	GlobalSection(ProjectConfigurationPlatforms) = postSolution
		{343F7403-9393-4348-8C68-3C9F67C80B66}.Debug|Any CPU.ActiveCfg = Debug|Any CPU
		{343F7403-9393-4348-8C68-3C9F67C80B66}.Debug|Any CPU.Build.0 = Debug|Any CPU
		{343F7403-9393-4348-8C68-3C9F67C80B66}.Release|Any CPU.ActiveCfg = Release|Any CPU
		{343F7403-9393-4348-8C68-3C9F67C80B66}.Release|Any CPU.Build.0 = Release|Any CPU
	EndGlobalSection
	GlobalSection(SolutionProperties) = preSolution
		HideSolutionNode = FALSE
	EndGlobalSection
EndGlobal
